
Microsoft Visual Studio Solution File, Format Version 12.00
# Visual Studio Version 16
VisualStudioVersion = 16.0.31205.134
MinimumVisualStudioVersion = 10.0.40219.1
Project("{9A19103F-16F7-4668-BE54-9A1E7A4F7556}") = "BlazorDemo.Web", "BlazorDemo.Web\BlazorDemo.Web.csproj", "{D369A2AF-965C-4417-9E42-10D4ABC96DBC}"
EndProject
Global
	GlobalSection(SolutionConfigurationPlatforms) = preSolution
		Debug|Any CPU = Debug|Any CPU
		Release|Any CPU = Release|Any CPU
	EndGlobalSection
	GlobalSection(ProjectConfigurationPlatforms) = postSolution
		{D369A2AF-965C-4417-9E42-10D4ABC96DBC}.Debug|Any CPU.ActiveCfg = Debug|Any CPU
		{D369A2AF-965C-4417-9E42-10D4ABC96DBC}.Debug|Any CPU.Build.0 = Debug|Any CPU
		{D369A2AF-965C-4417-9E42-10D4ABC96DBC}.Release|Any CPU.ActiveCfg = Release|Any CPU
		{D369A2AF-965C-4417-9E42-10D4ABC96DBC}.Release|Any CPU.Build.0 = Release|Any CPU
	EndGlobalSection
	GlobalSection(SolutionProperties) = preSolution
		HideSolutionNode = FALSE
	EndGlobalSection
	GlobalSection(ExtensibilityGlobals) = postSolution
		SolutionGuid = {CF13950F-C6F2-47F0-A157-28D9B5A179DF}
	EndGlobalSection
EndGlobal
